
Microsoft Visual Studio Solution File, Format Version 12.00
# Visual Studio Version 16
VisualStudioVersion = 16.0.32510.428
MinimumVisualStudioVersion = 10.0.40219.1
Project("{9A19103F-16F7-4668-BE54-9A1E7A4F7556}") = "01. Sort Numbers", "01. Sort Numbers.csproj", "{D99057F5-047C-40C0-AEA2-C9560635B4F1}"
EndProject
Project("{9A19103F-16F7-4668-BE54-9A1E7A4F7556}") = "02. English Name of the Last Digit", "..\02. English Name of the Last Digit\02. English Name of the Last Digit.csproj", "{10957176-8C52-42B1-8662-0CEDE07D6E79}"
EndProject
Project("{FAE04EC0-301F-11D3-BF4B-00C04F79EFBC}") = "03. Gaming Store", "..\03. Gaming Store\03. Gaming Store.csproj", "{0AEB9F66-8BDF-44D3-8F85-AA075D9AB6A6}"
EndProject
Global
	GlobalSection(SolutionConfigurationPlatforms) = preSolution
		Debug|Any CPU = Debug|Any CPU
		Release|Any CPU = Release|Any CPU
	EndGlobalSection
	GlobalSection(ProjectConfigurationPlatforms) = postSolution
		{D99057F5-047C-40C0-AEA2-C9560635B4F1}.Debug|Any CPU.ActiveCfg = Debug|Any CPU
		{D99057F5-047C-40C0-AEA2-C9560635B4F1}.Debug|Any CPU.Build.0 = Debug|Any CPU
		{D99057F5-047C-40C0-AEA2-C9560635B4F1}.Release|Any CPU.ActiveCfg = Release|Any CPU
		{D99057F5-047C-40C0-AEA2-C9560635B4F1}.Release|Any CPU.Build.0 = Release|Any CPU
		{10957176-8C52-42B1-8662-0CEDE07D6E79}.Debug|Any CPU.ActiveCfg = Debug|Any CPU
		{10957176-8C52-42B1-8662-0CEDE07D6E79}.Debug|Any CPU.Build.0 = Debug|Any CPU
		{10957176-8C52-42B1-8662-0CEDE07D6E79}.Release|Any CPU.ActiveCfg = Release|Any CPU
		{10957176-8C52-42B1-8662-0CEDE07D6E79}.Release|Any CPU.Build.0 = Release|Any CPU
		{0AEB9F66-8BDF-44D3-8F85-AA075D9AB6A6}.Debug|Any CPU.ActiveCfg = Debug|Any CPU
		{0AEB9F66-8BDF-44D3-8F85-AA075D9AB6A6}.Debug|Any CPU.Build.0 = Debug|Any CPU
		{0AEB9F66-8BDF-44D3-8F85-AA075D9AB6A6}.Release|Any CPU.ActiveCfg = Release|Any CPU
		{0AEB9F66-8BDF-44D3-8F85-AA075D9AB6A6}.Release|Any CPU.Build.0 = Release|Any CPU
	EndGlobalSection
	GlobalSection(SolutionProperties) = preSolution
		HideSolutionNode = FALSE
	EndGlobalSection
	GlobalSection(ExtensibilityGlobals) = postSolution
		SolutionGuid = {548B1774-D056-4640-A3CF-3649FBBCE1CF}
	EndGlobalSection
EndGlobal
