
Microsoft Visual Studio Solution File, Format Version 12.00
# Visual Studio Version 16
VisualStudioVersion = 16.0.32228.343
MinimumVisualStudioVersion = 10.0.40219.1
Project("{FAE04EC0-301F-11D3-BF4B-00C04F79EFBC}") = "T01.HelloSoftUni", "T01.HelloSoftUni\T01.HelloSoftUni.csproj", "{5C148179-B326-4F86-9AEF-8366966E4D01}"
EndProject
Global
	GlobalSection(SolutionConfigurationPlatforms) = preSolution
		Debug|Any CPU = Debug|Any CPU
		Release|Any CPU = Release|Any CPU
	EndGlobalSection
	GlobalSection(ProjectConfigurationPlatforms) = postSolution
		{5C148179-B326-4F86-9AEF-8366966E4D01}.Debug|Any CPU.ActiveCfg = Debug|Any CPU
		{5C148179-B326-4F86-9AEF-8366966E4D01}.Debug|Any CPU.Build.0 = Debug|Any CPU
		{5C148179-B326-4F86-9AEF-8366966E4D01}.Release|Any CPU.ActiveCfg = Release|Any CPU
		{5C148179-B326-4F86-9AEF-8366966E4D01}.Release|Any CPU.Build.0 = Release|Any CPU
	EndGlobalSection
	GlobalSection(SolutionProperties) = preSolution
		HideSolutionNode = FALSE
	EndGlobalSection
	GlobalSection(ExtensibilityGlobals) = postSolution
		SolutionGuid = {EF4DE8DD-A5A3-49CE-B977-BD738F493F3D}
	EndGlobalSection
EndGlobal
