
Microsoft Visual Studio Solution File, Format Version 12.00
# Visual Studio Version 17
VisualStudioVersion = 17.2.32519.379
MinimumVisualStudioVersion = 10.0.40219.1
Project("{FAE04EC0-301F-11D3-BF4B-00C04F79EFBC}") = "pre-exam", "pre-exam\pre-exam.csproj", "{4547D342-D506-4313-8CFD-C36EE308F715}"
EndProject
Project("{FAE04EC0-301F-11D3-BF4B-00C04F79EFBC}") = "02. Maiden Party", "02. Maiden Party\02. Maiden Party.csproj", "{C06C65C3-B004-4AF4-9C25-38DDA71532C5}"
EndProject
Project("{FAE04EC0-301F-11D3-BF4B-00C04F79EFBC}") = "03. Excursion Calculator", "03. Excursion Calculator\03. Excursion Calculator.csproj", "{6599747A-4439-4685-9B57-DED367DE6607}"
EndProject
Project("{FAE04EC0-301F-11D3-BF4B-00C04F79EFBC}") = "04. Grandpa Stavri", "04. Grandpa Stavri\04. Grandpa Stavri.csproj", "{B9248AE9-B358-4D46-9AC2-EEE02C319FBB}"
EndProject
Project("{FAE04EC0-301F-11D3-BF4B-00C04F79EFBC}") = "05. Best Player", "05. Best Player\05. Best Player.csproj", "{A7BD767C-AEAF-4A5E-A541-C68DAA5D66AD}"
EndProject
Project("{FAE04EC0-301F-11D3-BF4B-00C04F79EFBC}") = "06. Unique PIN Codes", "06. Unique PIN Codes\06. Unique PIN Codes.csproj", "{58A0945C-F807-400E-8B88-41CEDAD63DA4}"
EndProject
Global
	GlobalSection(SolutionConfigurationPlatforms) = preSolution
		Debug|Any CPU = Debug|Any CPU
		Release|Any CPU = Release|Any CPU
	EndGlobalSection
	GlobalSection(ProjectConfigurationPlatforms) = postSolution
		{4547D342-D506-4313-8CFD-C36EE308F715}.Debug|Any CPU.ActiveCfg = Debug|Any CPU
		{4547D342-D506-4313-8CFD-C36EE308F715}.Debug|Any CPU.Build.0 = Debug|Any CPU
		{4547D342-D506-4313-8CFD-C36EE308F715}.Release|Any CPU.ActiveCfg = Release|Any CPU
		{4547D342-D506-4313-8CFD-C36EE308F715}.Release|Any CPU.Build.0 = Release|Any CPU
		{C06C65C3-B004-4AF4-9C25-38DDA71532C5}.Debug|Any CPU.ActiveCfg = Debug|Any CPU
		{C06C65C3-B004-4AF4-9C25-38DDA71532C5}.Debug|Any CPU.Build.0 = Debug|Any CPU
		{C06C65C3-B004-4AF4-9C25-38DDA71532C5}.Release|Any CPU.ActiveCfg = Release|Any CPU
		{C06C65C3-B004-4AF4-9C25-38DDA71532C5}.Release|Any CPU.Build.0 = Release|Any CPU
		{6599747A-4439-4685-9B57-DED367DE6607}.Debug|Any CPU.ActiveCfg = Debug|Any CPU
		{6599747A-4439-4685-9B57-DED367DE6607}.Debug|Any CPU.Build.0 = Debug|Any CPU
		{6599747A-4439-4685-9B57-DED367DE6607}.Release|Any CPU.ActiveCfg = Release|Any CPU
		{6599747A-4439-4685-9B57-DED367DE6607}.Release|Any CPU.Build.0 = Release|Any CPU
		{B9248AE9-B358-4D46-9AC2-EEE02C319FBB}.Debug|Any CPU.ActiveCfg = Debug|Any CPU
		{B9248AE9-B358-4D46-9AC2-EEE02C319FBB}.Debug|Any CPU.Build.0 = Debug|Any CPU
		{B9248AE9-B358-4D46-9AC2-EEE02C319FBB}.Release|Any CPU.ActiveCfg = Release|Any CPU
		{B9248AE9-B358-4D46-9AC2-EEE02C319FBB}.Release|Any CPU.Build.0 = Release|Any CPU
		{A7BD767C-AEAF-4A5E-A541-C68DAA5D66AD}.Debug|Any CPU.ActiveCfg = Debug|Any CPU
		{A7BD767C-AEAF-4A5E-A541-C68DAA5D66AD}.Debug|Any CPU.Build.0 = Debug|Any CPU
		{A7BD767C-AEAF-4A5E-A541-C68DAA5D66AD}.Release|Any CPU.ActiveCfg = Release|Any CPU
		{A7BD767C-AEAF-4A5E-A541-C68DAA5D66AD}.Release|Any CPU.Build.0 = Release|Any CPU
		{58A0945C-F807-400E-8B88-41CEDAD63DA4}.Debug|Any CPU.ActiveCfg = Debug|Any CPU
		{58A0945C-F807-400E-8B88-41CEDAD63DA4}.Debug|Any CPU.Build.0 = Debug|Any CPU
		{58A0945C-F807-400E-8B88-41CEDAD63DA4}.Release|Any CPU.ActiveCfg = Release|Any CPU
		{58A0945C-F807-400E-8B88-41CEDAD63DA4}.Release|Any CPU.Build.0 = Release|Any CPU
	EndGlobalSection
	GlobalSection(SolutionProperties) = preSolution
		HideSolutionNode = FALSE
	EndGlobalSection
	GlobalSection(ExtensibilityGlobals) = postSolution
		SolutionGuid = {A72557FA-5124-4C99-B34A-DEB6996BC6EE}
	EndGlobalSection
EndGlobal
